// !$*UTF8*$!
{
	archiveVersion = 1;
	classes = {
	};
	objectVersion = 56;
	objects = {

/* Begin PBXBuildFile section */
		170EFF692B24AE1300790708 /* SongHelperApp.swift in Sources */ = {isa = PBXBuildFile; fileRef = 170EFF682B24AE1300790708 /* SongHelperApp.swift */; };
		170EFF6B2B24AE1300790708 /* ContentView.swift in Sources */ = {isa = PBXBuildFile; fileRef = 170EFF6A2B24AE1300790708 /* ContentView.swift */; };
		170EFF6D2B24AE1500790708 /* Assets.xcassets in Resources */ = {isa = PBXBuildFile; fileRef = 170EFF6C2B24AE1500790708 /* Assets.xcassets */; };
		170EFF702B24AE1500790708 /* Preview Assets.xcassets in Resources */ = {isa = PBXBuildFile; fileRef = 170EFF6F2B24AE1500790708 /* Preview Assets.xcassets */; };
		170EFF7A2B24AE1600790708 /* SongHelperTests.swift in Sources */ = {isa = PBXBuildFile; fileRef = 170EFF792B24AE1600790708 /* SongHelperTests.swift */; };
		170EFF842B24AE1600790708 /* SongHelperUITests.swift in Sources */ = {isa = PBXBuildFile; fileRef = 170EFF832B24AE1600790708 /* SongHelperUITests.swift */; };
		170EFF862B24AE1600790708 /* SongHelperUITestsLaunchTests.swift in Sources */ = {isa = PBXBuildFile; fileRef = 170EFF852B24AE1600790708 /* SongHelperUITestsLaunchTests.swift */; };
		170EFF942B24B7C300790708 /* AudioKit in Frameworks */ = {isa = PBXBuildFile; productRef = 170EFF932B24B7C300790708 /* AudioKit */; };
		173393AA2B33C2BA00A8DE98 /* HandPointsView.swift in Sources */ = {isa = PBXBuildFile; fileRef = 173393A92B33C2BA00A8DE98 /* HandPointsView.swift */; };
		173393AD2B33C2FE00A8DE98 /* Shapes.swift in Sources */ = {isa = PBXBuildFile; fileRef = 173393AC2B33C2FE00A8DE98 /* Shapes.swift */; };
		173393AF2B34F79800A8DE98 /* InterfaceOverlayView.swift in Sources */ = {isa = PBXBuildFile; fileRef = 173393AE2B34F79800A8DE98 /* InterfaceOverlayView.swift */; };
		17713D2B2B334D5700E515C0 /* PolyphonicPlayer.swift in Sources */ = {isa = PBXBuildFile; fileRef = 17713D2A2B334D5700E515C0 /* PolyphonicPlayer.swift */; };
		17713D2D2B334D9300E515C0 /* MusicUtils.swift in Sources */ = {isa = PBXBuildFile; fileRef = 17713D2C2B334D9300E515C0 /* MusicUtils.swift */; };
		17713D302B33661700E515C0 /* AVCameraView.swift in Sources */ = {isa = PBXBuildFile; fileRef = 17713D2F2B33661700E515C0 /* AVCameraView.swift */; };
		17713D322B33662100E515C0 /* AVVideoPlayerView.swift in Sources */ = {isa = PBXBuildFile; fileRef = 17713D312B33662100E515C0 /* AVVideoPlayerView.swift */; };
		17713D342B33662900E515C0 /* CameraManager.swift in Sources */ = {isa = PBXBuildFile; fileRef = 17713D332B33662900E515C0 /* CameraManager.swift */; };
		17713D362B33662F00E515C0 /* HandTracker.swift in Sources */ = {isa = PBXBuildFile; fileRef = 17713D352B33662F00E515C0 /* HandTracker.swift */; };
		17713D3B2B3369DB00E515C0 /* Chords.swift in Sources */ = {isa = PBXBuildFile; fileRef = 17713D3A2B3369DB00E515C0 /* Chords.swift */; };
		17735C132B24C4AD00EA59E3 /* SoundpipeAudioKit in Frameworks */ = {isa = PBXBuildFile; productRef = 17735C122B24C4AD00EA59E3 /* SoundpipeAudioKit */; };
/* End PBXBuildFile section */

/* Begin PBXContainerItemProxy section */
		170EFF762B24AE1500790708 /* PBXContainerItemProxy */ = {
			isa = PBXContainerItemProxy;
			containerPortal = 170EFF5D2B24AE1300790708 /* Project object */;
			proxyType = 1;
			remoteGlobalIDString = 170EFF642B24AE1300790708;
			remoteInfo = SongHelper;
		};
		170EFF802B24AE1600790708 /* PBXContainerItemProxy */ = {
			isa = PBXContainerItemProxy;
			containerPortal = 170EFF5D2B24AE1300790708 /* Project object */;
			proxyType = 1;
			remoteGlobalIDString = 170EFF642B24AE1300790708;
			remoteInfo = SongHelper;
		};
/* End PBXContainerItemProxy section */

/* Begin PBXFileReference section */
		170EFF652B24AE1300790708 /* SongHelper.app */ = {isa = PBXFileReference; explicitFileType = wrapper.application; includeInIndex = 0; path = SongHelper.app; sourceTree = BUILT_PRODUCTS_DIR; };
		170EFF682B24AE1300790708 /* SongHelperApp.swift */ = {isa = PBXFileReference; lastKnownFileType = sourcecode.swift; path = SongHelperApp.swift; sourceTree = "<group>"; };
		170EFF6A2B24AE1300790708 /* ContentView.swift */ = {isa = PBXFileReference; lastKnownFileType = sourcecode.swift; path = ContentView.swift; sourceTree = "<group>"; };
		170EFF6C2B24AE1500790708 /* Assets.xcassets */ = {isa = PBXFileReference; lastKnownFileType = folder.assetcatalog; path = Assets.xcassets; sourceTree = "<group>"; };
		170EFF6F2B24AE1500790708 /* Preview Assets.xcassets */ = {isa = PBXFileReference; lastKnownFileType = folder.assetcatalog; path = "Preview Assets.xcassets"; sourceTree = "<group>"; };
		170EFF752B24AE1500790708 /* SongHelperTests.xctest */ = {isa = PBXFileReference; explicitFileType = wrapper.cfbundle; includeInIndex = 0; path = SongHelperTests.xctest; sourceTree = BUILT_PRODUCTS_DIR; };
		170EFF792B24AE1600790708 /* SongHelperTests.swift */ = {isa = PBXFileReference; lastKnownFileType = sourcecode.swift; path = SongHelperTests.swift; sourceTree = "<group>"; };
		170EFF7F2B24AE1600790708 /* SongHelperUITests.xctest */ = {isa = PBXFileReference; explicitFileType = wrapper.cfbundle; includeInIndex = 0; path = SongHelperUITests.xctest; sourceTree = BUILT_PRODUCTS_DIR; };
		170EFF832B24AE1600790708 /* SongHelperUITests.swift */ = {isa = PBXFileReference; lastKnownFileType = sourcecode.swift; path = SongHelperUITests.swift; sourceTree = "<group>"; };
		170EFF852B24AE1600790708 /* SongHelperUITestsLaunchTests.swift */ = {isa = PBXFileReference; lastKnownFileType = sourcecode.swift; path = SongHelperUITestsLaunchTests.swift; sourceTree = "<group>"; };
		173393A92B33C2BA00A8DE98 /* HandPointsView.swift */ = {isa = PBXFileReference; lastKnownFileType = sourcecode.swift; path = HandPointsView.swift; sourceTree = "<group>"; };
		173393AC2B33C2FE00A8DE98 /* Shapes.swift */ = {isa = PBXFileReference; lastKnownFileType = sourcecode.swift; path = Shapes.swift; sourceTree = "<group>"; };
		173393AE2B34F79800A8DE98 /* InterfaceOverlayView.swift */ = {isa = PBXFileReference; lastKnownFileType = sourcecode.swift; path = InterfaceOverlayView.swift; sourceTree = "<group>"; };
		17713D2A2B334D5700E515C0 /* PolyphonicPlayer.swift */ = {isa = PBXFileReference; lastKnownFileType = sourcecode.swift; path = PolyphonicPlayer.swift; sourceTree = "<group>"; };
		17713D2C2B334D9300E515C0 /* MusicUtils.swift */ = {isa = PBXFileReference; lastKnownFileType = sourcecode.swift; path = MusicUtils.swift; sourceTree = "<group>"; };
		17713D2F2B33661700E515C0 /* AVCameraView.swift */ = {isa = PBXFileReference; lastKnownFileType = sourcecode.swift; path = AVCameraView.swift; sourceTree = "<group>"; };
		17713D312B33662100E515C0 /* AVVideoPlayerView.swift */ = {isa = PBXFileReference; lastKnownFileType = sourcecode.swift; path = AVVideoPlayerView.swift; sourceTree = "<group>"; };
		17713D332B33662900E515C0 /* CameraManager.swift */ = {isa = PBXFileReference; lastKnownFileType = sourcecode.swift; path = CameraManager.swift; sourceTree = "<group>"; };
		17713D352B33662F00E515C0 /* HandTracker.swift */ = {isa = PBXFileReference; lastKnownFileType = sourcecode.swift; path = HandTracker.swift; sourceTree = "<group>"; };
		17713D3A2B3369DB00E515C0 /* Chords.swift */ = {isa = PBXFileReference; lastKnownFileType = sourcecode.swift; path = Chords.swift; sourceTree = "<group>"; };
/* End PBXFileReference section */

/* Begin PBXFrameworksBuildPhase section */
		170EFF622B24AE1300790708 /* Frameworks */ = {
			isa = PBXFrameworksBuildPhase;
			buildActionMask = 2147483647;
			files = (
				17735C132B24C4AD00EA59E3 /* SoundpipeAudioKit in Frameworks */,
				170EFF942B24B7C300790708 /* AudioKit in Frameworks */,
			);
			runOnlyForDeploymentPostprocessing = 0;
		};
		170EFF722B24AE1500790708 /* Frameworks */ = {
			isa = PBXFrameworksBuildPhase;
			buildActionMask = 2147483647;
			files = (
			);
			runOnlyForDeploymentPostprocessing = 0;
		};
		170EFF7C2B24AE1600790708 /* Frameworks */ = {
			isa = PBXFrameworksBuildPhase;
			buildActionMask = 2147483647;
			files = (
			);
			runOnlyForDeploymentPostprocessing = 0;
		};
/* End PBXFrameworksBuildPhase section */

/* Begin PBXGroup section */
		170EFF5C2B24AE1300790708 = {
			isa = PBXGroup;
			children = (
				170EFF672B24AE1300790708 /* SongHelper */,
				170EFF782B24AE1500790708 /* SongHelperTests */,
				170EFF822B24AE1600790708 /* SongHelperUITests */,
				170EFF662B24AE1300790708 /* Products */,
			);
			sourceTree = "<group>";
		};
		170EFF662B24AE1300790708 /* Products */ = {
			isa = PBXGroup;
			children = (
				170EFF652B24AE1300790708 /* SongHelper.app */,
				170EFF752B24AE1500790708 /* SongHelperTests.xctest */,
				170EFF7F2B24AE1600790708 /* SongHelperUITests.xctest */,
			);
			name = Products;
			sourceTree = "<group>";
		};
		170EFF672B24AE1300790708 /* SongHelper */ = {
			isa = PBXGroup;
			children = (
				170EFF682B24AE1300790708 /* SongHelperApp.swift */,
				17713D392B33687F00E515C0 /* Music */,
				17713D372B33686700E515C0 /* Vision */,
				17713D382B33686D00E515C0 /* Views */,
				170EFF6C2B24AE1500790708 /* Assets.xcassets */,
				170EFF6E2B24AE1500790708 /* Preview Content */,
			);
			path = SongHelper;
			sourceTree = "<group>";
		};
		170EFF6E2B24AE1500790708 /* Preview Content */ = {
			isa = PBXGroup;
			children = (
				170EFF6F2B24AE1500790708 /* Preview Assets.xcassets */,
			);
			path = "Preview Content";
			sourceTree = "<group>";
		};
		170EFF782B24AE1500790708 /* SongHelperTests */ = {
			isa = PBXGroup;
			children = (
				170EFF792B24AE1600790708 /* SongHelperTests.swift */,
			);
			path = SongHelperTests;
			sourceTree = "<group>";
		};
		170EFF822B24AE1600790708 /* SongHelperUITests */ = {
			isa = PBXGroup;
			children = (
				170EFF832B24AE1600790708 /* SongHelperUITests.swift */,
				170EFF852B24AE1600790708 /* SongHelperUITestsLaunchTests.swift */,
			);
			path = SongHelperUITests;
			sourceTree = "<group>";
		};
		17713D372B33686700E515C0 /* Vision */ = {
			isa = PBXGroup;
			children = (
				17713D332B33662900E515C0 /* CameraManager.swift */,
				17713D352B33662F00E515C0 /* HandTracker.swift */,
				173393AC2B33C2FE00A8DE98 /* Shapes.swift */,
			);
			path = Vision;
			sourceTree = "<group>";
		};
		17713D382B33686D00E515C0 /* Views */ = {
			isa = PBXGroup;
			children = (
				170EFF6A2B24AE1300790708 /* ContentView.swift */,
				173393AE2B34F79800A8DE98 /* InterfaceOverlayView.swift */,
				17713D2F2B33661700E515C0 /* AVCameraView.swift */,
				17713D312B33662100E515C0 /* AVVideoPlayerView.swift */,
				173393A92B33C2BA00A8DE98 /* HandPointsView.swift */,
			);
			path = Views;
			sourceTree = "<group>";
		};
		17713D392B33687F00E515C0 /* Music */ = {
			isa = PBXGroup;
			children = (
				17713D2A2B334D5700E515C0 /* PolyphonicPlayer.swift */,
				17713D2C2B334D9300E515C0 /* MusicUtils.swift */,
				17713D3A2B3369DB00E515C0 /* Chords.swift */,
			);
			path = Music;
			sourceTree = "<group>";
		};
/* End PBXGroup section */

/* Begin PBXNativeTarget section */
		170EFF642B24AE1300790708 /* SongHelper */ = {
			isa = PBXNativeTarget;
			buildConfigurationList = 170EFF892B24AE1600790708 /* Build configuration list for PBXNativeTarget "SongHelper" */;
			buildPhases = (
				170EFF612B24AE1300790708 /* Sources */,
				170EFF622B24AE1300790708 /* Frameworks */,
				170EFF632B24AE1300790708 /* Resources */,
			);
			buildRules = (
			);
			dependencies = (
			);
			name = SongHelper;
			packageProductDependencies = (
				170EFF932B24B7C300790708 /* AudioKit */,
				17735C122B24C4AD00EA59E3 /* SoundpipeAudioKit */,
			);
			productName = SongHelper;
			productReference = 170EFF652B24AE1300790708 /* SongHelper.app */;
			productType = "com.apple.product-type.application";
		};
		170EFF742B24AE1500790708 /* SongHelperTests */ = {
			isa = PBXNativeTarget;
			buildConfigurationList = 170EFF8C2B24AE1600790708 /* Build configuration list for PBXNativeTarget "SongHelperTests" */;
			buildPhases = (
				170EFF712B24AE1500790708 /* Sources */,
				170EFF722B24AE1500790708 /* Frameworks */,
				170EFF732B24AE1500790708 /* Resources */,
			);
			buildRules = (
			);
			dependencies = (
				170EFF772B24AE1500790708 /* PBXTargetDependency */,
			);
			name = SongHelperTests;
			productName = SongHelperTests;
			productReference = 170EFF752B24AE1500790708 /* SongHelperTests.xctest */;
			productType = "com.apple.product-type.bundle.unit-test";
		};
		170EFF7E2B24AE1600790708 /* SongHelperUITests */ = {
			isa = PBXNativeTarget;
			buildConfigurationList = 170EFF8F2B24AE1600790708 /* Build configuration list for PBXNativeTarget "SongHelperUITests" */;
			buildPhases = (
				170EFF7B2B24AE1600790708 /* Sources */,
				170EFF7C2B24AE1600790708 /* Frameworks */,
				170EFF7D2B24AE1600790708 /* Resources */,
			);
			buildRules = (
			);
			dependencies = (
				170EFF812B24AE1600790708 /* PBXTargetDependency */,
			);
			name = SongHelperUITests;
			productName = SongHelperUITests;
			productReference = 170EFF7F2B24AE1600790708 /* SongHelperUITests.xctest */;
			productType = "com.apple.product-type.bundle.ui-testing";
		};
/* End PBXNativeTarget section */

/* Begin PBXProject section */
		170EFF5D2B24AE1300790708 /* Project object */ = {
			isa = PBXProject;
			attributes = {
				BuildIndependentTargetsInParallel = 1;
				LastSwiftUpdateCheck = 1500;
				LastUpgradeCheck = 1500;
				TargetAttributes = {
					170EFF642B24AE1300790708 = {
						CreatedOnToolsVersion = 15.0.1;
					};
					170EFF742B24AE1500790708 = {
						CreatedOnToolsVersion = 15.0.1;
						TestTargetID = 170EFF642B24AE1300790708;
					};
					170EFF7E2B24AE1600790708 = {
						CreatedOnToolsVersion = 15.0.1;
						TestTargetID = 170EFF642B24AE1300790708;
					};
				};
			};
			buildConfigurationList = 170EFF602B24AE1300790708 /* Build configuration list for PBXProject "SongHelper" */;
			compatibilityVersion = "Xcode 14.0";
			developmentRegion = en;
			hasScannedForEncodings = 0;
			knownRegions = (
				en,
				Base,
			);
			mainGroup = 170EFF5C2B24AE1300790708;
			packageReferences = (
				170EFF922B24B7C300790708 /* XCRemoteSwiftPackageReference "AudioKit" */,
				17735C112B24C4AD00EA59E3 /* XCRemoteSwiftPackageReference "SoundpipeAudioKit" */,
			);
			productRefGroup = 170EFF662B24AE1300790708 /* Products */;
			projectDirPath = "";
			projectRoot = "";
			targets = (
				170EFF642B24AE1300790708 /* SongHelper */,
				170EFF742B24AE1500790708 /* SongHelperTests */,
				170EFF7E2B24AE1600790708 /* SongHelperUITests */,
			);
		};
/* End PBXProject section */

/* Begin PBXResourcesBuildPhase section */
		170EFF632B24AE1300790708 /* Resources */ = {
			isa = PBXResourcesBuildPhase;
			buildActionMask = 2147483647;
			files = (
				170EFF702B24AE1500790708 /* Preview Assets.xcassets in Resources */,
				170EFF6D2B24AE1500790708 /* Assets.xcassets in Resources */,
			);
			runOnlyForDeploymentPostprocessing = 0;
		};
		170EFF732B24AE1500790708 /* Resources */ = {
			isa = PBXResourcesBuildPhase;
			buildActionMask = 2147483647;
			files = (
			);
			runOnlyForDeploymentPostprocessing = 0;
		};
		170EFF7D2B24AE1600790708 /* Resources */ = {
			isa = PBXResourcesBuildPhase;
			buildActionMask = 2147483647;
			files = (
			);
			runOnlyForDeploymentPostprocessing = 0;
		};
/* End PBXResourcesBuildPhase section */

/* Begin PBXSourcesBuildPhase section */
		170EFF612B24AE1300790708 /* Sources */ = {
			isa = PBXSourcesBuildPhase;
			buildActionMask = 2147483647;
			files = (
				17713D322B33662100E515C0 /* AVVideoPlayerView.swift in Sources */,
				17713D342B33662900E515C0 /* CameraManager.swift in Sources */,
				17713D2B2B334D5700E515C0 /* PolyphonicPlayer.swift in Sources */,
				173393AF2B34F79800A8DE98 /* InterfaceOverlayView.swift in Sources */,
				17713D362B33662F00E515C0 /* HandTracker.swift in Sources */,
				17713D2D2B334D9300E515C0 /* MusicUtils.swift in Sources */,
				17713D3B2B3369DB00E515C0 /* Chords.swift in Sources */,
				17713D302B33661700E515C0 /* AVCameraView.swift in Sources */,
				170EFF6B2B24AE1300790708 /* ContentView.swift in Sources */,
				173393AD2B33C2FE00A8DE98 /* Shapes.swift in Sources */,
				173393AA2B33C2BA00A8DE98 /* HandPointsView.swift in Sources */,
				170EFF692B24AE1300790708 /* SongHelperApp.swift in Sources */,
			);
			runOnlyForDeploymentPostprocessing = 0;
		};
		170EFF712B24AE1500790708 /* Sources */ = {
			isa = PBXSourcesBuildPhase;
			buildActionMask = 2147483647;
			files = (
				170EFF7A2B24AE1600790708 /* SongHelperTests.swift in Sources */,
			);
			runOnlyForDeploymentPostprocessing = 0;
		};
		170EFF7B2B24AE1600790708 /* Sources */ = {
			isa = PBXSourcesBuildPhase;
			buildActionMask = 2147483647;
			files = (
				170EFF842B24AE1600790708 /* SongHelperUITests.swift in Sources */,
				170EFF862B24AE1600790708 /* SongHelperUITestsLaunchTests.swift in Sources */,
			);
			runOnlyForDeploymentPostprocessing = 0;
		};
/* End PBXSourcesBuildPhase section */

/* Begin PBXTargetDependency section */
		170EFF772B24AE1500790708 /* PBXTargetDependency */ = {
			isa = PBXTargetDependency;
			target = 170EFF642B24AE1300790708 /* SongHelper */;
			targetProxy = 170EFF762B24AE1500790708 /* PBXContainerItemProxy */;
		};
		170EFF812B24AE1600790708 /* PBXTargetDependency */ = {
			isa = PBXTargetDependency;
			target = 170EFF642B24AE1300790708 /* SongHelper */;
			targetProxy = 170EFF802B24AE1600790708 /* PBXContainerItemProxy */;
		};
/* End PBXTargetDependency section */

/* Begin XCBuildConfiguration section */
		170EFF872B24AE1600790708 /* Debug */ = {
			isa = XCBuildConfiguration;
			buildSettings = {
				ALWAYS_SEARCH_USER_PATHS = NO;
				ASSETCATALOG_COMPILER_GENERATE_SWIFT_ASSET_SYMBOL_EXTENSIONS = YES;
				CLANG_ANALYZER_NONNULL = YES;
				CLANG_ANALYZER_NUMBER_OBJECT_CONVERSION = YES_AGGRESSIVE;
				CLANG_CXX_LANGUAGE_STANDARD = "gnu++20";
				CLANG_ENABLE_MODULES = YES;
				CLANG_ENABLE_OBJC_ARC = YES;
				CLANG_ENABLE_OBJC_WEAK = YES;
				CLANG_WARN_BLOCK_CAPTURE_AUTORELEASING = YES;
				CLANG_WARN_BOOL_CONVERSION = YES;
				CLANG_WARN_COMMA = YES;
				CLANG_WARN_CONSTANT_CONVERSION = YES;
				CLANG_WARN_DEPRECATED_OBJC_IMPLEMENTATIONS = YES;
				CLANG_WARN_DIRECT_OBJC_ISA_USAGE = YES_ERROR;
				CLANG_WARN_DOCUMENTATION_COMMENTS = YES;
				CLANG_WARN_EMPTY_BODY = YES;
				CLANG_WARN_ENUM_CONVERSION = YES;
				CLANG_WARN_INFINITE_RECURSION = YES;
				CLANG_WARN_INT_CONVERSION = YES;
				CLANG_WARN_NON_LITERAL_NULL_CONVERSION = YES;
				CLANG_WARN_OBJC_IMPLICIT_RETAIN_SELF = YES;
				CLANG_WARN_OBJC_LITERAL_CONVERSION = YES;
				CLANG_WARN_OBJC_ROOT_CLASS = YES_ERROR;
				CLANG_WARN_QUOTED_INCLUDE_IN_FRAMEWORK_HEADER = YES;
				CLANG_WARN_RANGE_LOOP_ANALYSIS = YES;
				CLANG_WARN_STRICT_PROTOTYPES = YES;
				CLANG_WARN_SUSPICIOUS_MOVE = YES;
				CLANG_WARN_UNGUARDED_AVAILABILITY = YES_AGGRESSIVE;
				CLANG_WARN_UNREACHABLE_CODE = YES;
				CLANG_WARN__DUPLICATE_METHOD_MATCH = YES;
				COPY_PHASE_STRIP = NO;
				DEBUG_INFORMATION_FORMAT = dwarf;
				ENABLE_STRICT_OBJC_MSGSEND = YES;
				ENABLE_TESTABILITY = YES;
				ENABLE_USER_SCRIPT_SANDBOXING = YES;
				GCC_C_LANGUAGE_STANDARD = gnu17;
				GCC_DYNAMIC_NO_PIC = NO;
				GCC_NO_COMMON_BLOCKS = YES;
				GCC_OPTIMIZATION_LEVEL = 0;
				GCC_PREPROCESSOR_DEFINITIONS = (
					"DEBUG=1",
					"$(inherited)",
				);
				GCC_WARN_64_TO_32_BIT_CONVERSION = YES;
				GCC_WARN_ABOUT_RETURN_TYPE = YES_ERROR;
				GCC_WARN_UNDECLARED_SELECTOR = YES;
				GCC_WARN_UNINITIALIZED_AUTOS = YES_AGGRESSIVE;
				GCC_WARN_UNUSED_FUNCTION = YES;
				GCC_WARN_UNUSED_VARIABLE = YES;
				IPHONEOS_DEPLOYMENT_TARGET = 15.2;
				LOCALIZATION_PREFERS_STRING_CATALOGS = YES;
				MTL_ENABLE_DEBUG_INFO = INCLUDE_SOURCE;
				MTL_FAST_MATH = YES;
				ONLY_ACTIVE_ARCH = YES;
				SDKROOT = iphoneos;
				SWIFT_ACTIVE_COMPILATION_CONDITIONS = "DEBUG $(inherited)";
				SWIFT_OPTIMIZATION_LEVEL = "-Onone";
			};
			name = Debug;
		};
		170EFF882B24AE1600790708 /* Release */ = {
			isa = XCBuildConfiguration;
			buildSettings = {
				ALWAYS_SEARCH_USER_PATHS = NO;
				ASSETCATALOG_COMPILER_GENERATE_SWIFT_ASSET_SYMBOL_EXTENSIONS = YES;
				CLANG_ANALYZER_NONNULL = YES;
				CLANG_ANALYZER_NUMBER_OBJECT_CONVERSION = YES_AGGRESSIVE;
				CLANG_CXX_LANGUAGE_STANDARD = "gnu++20";
				CLANG_ENABLE_MODULES = YES;
				CLANG_ENABLE_OBJC_ARC = YES;
				CLANG_ENABLE_OBJC_WEAK = YES;
				CLANG_WARN_BLOCK_CAPTURE_AUTORELEASING = YES;
				CLANG_WARN_BOOL_CONVERSION = YES;
				CLANG_WARN_COMMA = YES;
				CLANG_WARN_CONSTANT_CONVERSION = YES;
				CLANG_WARN_DEPRECATED_OBJC_IMPLEMENTATIONS = YES;
				CLANG_WARN_DIRECT_OBJC_ISA_USAGE = YES_ERROR;
				CLANG_WARN_DOCUMENTATION_COMMENTS = YES;
				CLANG_WARN_EMPTY_BODY = YES;
				CLANG_WARN_ENUM_CONVERSION = YES;
				CLANG_WARN_INFINITE_RECURSION = YES;
				CLANG_WARN_INT_CONVERSION = YES;
				CLANG_WARN_NON_LITERAL_NULL_CONVERSION = YES;
				CLANG_WARN_OBJC_IMPLICIT_RETAIN_SELF = YES;
				CLANG_WARN_OBJC_LITERAL_CONVERSION = YES;
				CLANG_WARN_OBJC_ROOT_CLASS = YES_ERROR;
				CLANG_WARN_QUOTED_INCLUDE_IN_FRAMEWORK_HEADER = YES;
				CLANG_WARN_RANGE_LOOP_ANALYSIS = YES;
				CLANG_WARN_STRICT_PROTOTYPES = YES;
				CLANG_WARN_SUSPICIOUS_MOVE = YES;
				CLANG_WARN_UNGUARDED_AVAILABILITY = YES_AGGRESSIVE;
				CLANG_WARN_UNREACHABLE_CODE = YES;
				CLANG_WARN__DUPLICATE_METHOD_MATCH = YES;
				COPY_PHASE_STRIP = NO;
				DEBUG_INFORMATION_FORMAT = "dwarf-with-dsym";
				ENABLE_NS_ASSERTIONS = NO;
				ENABLE_STRICT_OBJC_MSGSEND = YES;
				ENABLE_USER_SCRIPT_SANDBOXING = YES;
				GCC_C_LANGUAGE_STANDARD = gnu17;
				GCC_NO_COMMON_BLOCKS = YES;
				GCC_WARN_64_TO_32_BIT_CONVERSION = YES;
				GCC_WARN_ABOUT_RETURN_TYPE = YES_ERROR;
				GCC_WARN_UNDECLARED_SELECTOR = YES;
				GCC_WARN_UNINITIALIZED_AUTOS = YES_AGGRESSIVE;
				GCC_WARN_UNUSED_FUNCTION = YES;
				GCC_WARN_UNUSED_VARIABLE = YES;
				IPHONEOS_DEPLOYMENT_TARGET = 15.2;
				LOCALIZATION_PREFERS_STRING_CATALOGS = YES;
				MTL_ENABLE_DEBUG_INFO = NO;
				MTL_FAST_MATH = YES;
				SDKROOT = iphoneos;
				SWIFT_COMPILATION_MODE = wholemodule;
				VALIDATE_PRODUCT = YES;
			};
			name = Release;
		};
		170EFF8A2B24AE1600790708 /* Debug */ = {
			isa = XCBuildConfiguration;
			buildSettings = {
				ASSETCATALOG_COMPILER_APPICON_NAME = AppIcon;
				ASSETCATALOG_COMPILER_GLOBAL_ACCENT_COLOR_NAME = AccentColor;
				CODE_SIGN_STYLE = Automatic;
				CURRENT_PROJECT_VERSION = 1;
				DEVELOPMENT_ASSET_PATHS = "\"SongHelper/Preview Content\"";
				DEVELOPMENT_TEAM = D3D2BJZUS3;
				ENABLE_PREVIEWS = YES;
				GENERATE_INFOPLIST_FILE = YES;
				INFOPLIST_KEY_NSCameraUsageDescription = "It will use the Camera";
				INFOPLIST_KEY_UIApplicationSceneManifest_Generation = YES;
				INFOPLIST_KEY_UIApplicationSupportsIndirectInputEvents = YES;
				INFOPLIST_KEY_UILaunchScreen_Generation = YES;
				INFOPLIST_KEY_UISupportedInterfaceOrientations = "UIInterfaceOrientationLandscapeLeft UIInterfaceOrientationLandscapeRight UIInterfaceOrientationPortrait";
				LD_RUNPATH_SEARCH_PATHS = (
					"$(inherited)",
					"@executable_path/Frameworks",
				);
				MARKETING_VERSION = 1.0;
				PRODUCT_BUNDLE_IDENTIFIER = com.samhodak.SongHelper;
				PRODUCT_NAME = "$(TARGET_NAME)";
				SWIFT_EMIT_LOC_STRINGS = YES;
				SWIFT_VERSION = 5.0;
				TARGETED_DEVICE_FAMILY = "1,2";
			};
			name = Debug;
		};
		170EFF8B2B24AE1600790708 /* Release */ = {
			isa = XCBuildConfiguration;
			buildSettings = {
				ASSETCATALOG_COMPILER_APPICON_NAME = AppIcon;
				ASSETCATALOG_COMPILER_GLOBAL_ACCENT_COLOR_NAME = AccentColor;
				CODE_SIGN_STYLE = Automatic;
				CURRENT_PROJECT_VERSION = 1;
				DEVELOPMENT_ASSET_PATHS = "\"SongHelper/Preview Content\"";
				DEVELOPMENT_TEAM = D3D2BJZUS3;
				ENABLE_PREVIEWS = YES;
				GENERATE_INFOPLIST_FILE = YES;
				INFOPLIST_KEY_NSCameraUsageDescription = "It will use the Camera";
				INFOPLIST_KEY_UIApplicationSceneManifest_Generation = YES;
				INFOPLIST_KEY_UIApplicationSupportsIndirectInputEvents = YES;
				INFOPLIST_KEY_UILaunchScreen_Generation = YES;
				INFOPLIST_KEY_UISupportedInterfaceOrientations = "UIInterfaceOrientationLandscapeLeft UIInterfaceOrientationLandscapeRight UIInterfaceOrientationPortrait";
				LD_RUNPATH_SEARCH_PATHS = (
					"$(inherited)",
					"@executable_path/Frameworks",
				);
				MARKETING_VERSION = 1.0;
				PRODUCT_BUNDLE_IDENTIFIER = com.samhodak.SongHelper;
				PRODUCT_NAME = "$(TARGET_NAME)";
				SWIFT_EMIT_LOC_STRINGS = YES;
				SWIFT_VERSION = 5.0;
				TARGETED_DEVICE_FAMILY = "1,2";
			};
			name = Release;
		};
		170EFF8D2B24AE1600790708 /* Debug */ = {
			isa = XCBuildConfiguration;
			buildSettings = {
				ALWAYS_EMBED_SWIFT_STANDARD_LIBRARIES = YES;
				BUNDLE_LOADER = "$(TEST_HOST)";
				CODE_SIGN_STYLE = Automatic;
				CURRENT_PROJECT_VERSION = 1;
				DEVELOPMENT_TEAM = D3D2BJZUS3;
				GENERATE_INFOPLIST_FILE = YES;
				IPHONEOS_DEPLOYMENT_TARGET = 17.0;
				MARKETING_VERSION = 1.0;
				PRODUCT_BUNDLE_IDENTIFIER = com.samhodak.SongHelperTests;
				PRODUCT_NAME = "$(TARGET_NAME)";
				SWIFT_EMIT_LOC_STRINGS = NO;
				SWIFT_VERSION = 5.0;
				TARGETED_DEVICE_FAMILY = "1,2";
				TEST_HOST = "$(BUILT_PRODUCTS_DIR)/SongHelper.app/$(BUNDLE_EXECUTABLE_FOLDER_PATH)/SongHelper";
			};
			name = Debug;
		};
		170EFF8E2B24AE1600790708 /* Release */ = {
			isa = XCBuildConfiguration;
			buildSettings = {
				ALWAYS_EMBED_SWIFT_STANDARD_LIBRARIES = YES;
				BUNDLE_LOADER = "$(TEST_HOST)";
				CODE_SIGN_STYLE = Automatic;
				CURRENT_PROJECT_VERSION = 1;
				DEVELOPMENT_TEAM = D3D2BJZUS3;
				GENERATE_INFOPLIST_FILE = YES;
				IPHONEOS_DEPLOYMENT_TARGET = 17.0;
				MARKETING_VERSION = 1.0;
				PRODUCT_BUNDLE_IDENTIFIER = com.samhodak.SongHelperTests;
				PRODUCT_NAME = "$(TARGET_NAME)";
				SWIFT_EMIT_LOC_STRINGS = NO;
				SWIFT_VERSION = 5.0;
				TARGETED_DEVICE_FAMILY = "1,2";
				TEST_HOST = "$(BUILT_PRODUCTS_DIR)/SongHelper.app/$(BUNDLE_EXECUTABLE_FOLDER_PATH)/SongHelper";
			};
			name = Release;
		};
		170EFF902B24AE1600790708 /* Debug */ = {
			isa = XCBuildConfiguration;
			buildSettings = {
				ALWAYS_EMBED_SWIFT_STANDARD_LIBRARIES = YES;
				CODE_SIGN_STYLE = Automatic;
				CURRENT_PROJECT_VERSION = 1;
				DEVELOPMENT_TEAM = D3D2BJZUS3;
				GENERATE_INFOPLIST_FILE = YES;
				MARKETING_VERSION = 1.0;
				PRODUCT_BUNDLE_IDENTIFIER = com.samhodak.SongHelperUITests;
				PRODUCT_NAME = "$(TARGET_NAME)";
				SWIFT_EMIT_LOC_STRINGS = NO;
				SWIFT_VERSION = 5.0;
				TARGETED_DEVICE_FAMILY = "1,2";
				TEST_TARGET_NAME = SongHelper;
			};
			name = Debug;
		};
		170EFF912B24AE1600790708 /* Release */ = {
			isa = XCBuildConfiguration;
			buildSettings = {
				ALWAYS_EMBED_SWIFT_STANDARD_LIBRARIES = YES;
				CODE_SIGN_STYLE = Automatic;
				CURRENT_PROJECT_VERSION = 1;
				DEVELOPMENT_TEAM = D3D2BJZUS3;
				GENERATE_INFOPLIST_FILE = YES;
				MARKETING_VERSION = 1.0;
				PRODUCT_BUNDLE_IDENTIFIER = com.samhodak.SongHelperUITests;
				PRODUCT_NAME = "$(TARGET_NAME)";
				SWIFT_EMIT_LOC_STRINGS = NO;
				SWIFT_VERSION = 5.0;
				TARGETED_DEVICE_FAMILY = "1,2";
				TEST_TARGET_NAME = SongHelper;
			};
			name = Release;
		};
/* End XCBuildConfiguration section */

/* Begin XCConfigurationList section */
		170EFF602B24AE1300790708 /* Build configuration list for PBXProject "SongHelper" */ = {
			isa = XCConfigurationList;
			buildConfigurations = (
				170EFF872B24AE1600790708 /* Debug */,
				170EFF882B24AE1600790708 /* Release */,
			);
			defaultConfigurationIsVisible = 0;
			defaultConfigurationName = Release;
		};
		170EFF892B24AE1600790708 /* Build configuration list for PBXNativeTarget "SongHelper" */ = {
			isa = XCConfigurationList;
			buildConfigurations = (
				170EFF8A2B24AE1600790708 /* Debug */,
				170EFF8B2B24AE1600790708 /* Release */,
			);
			defaultConfigurationIsVisible = 0;
			defaultConfigurationName = Release;
		};
		170EFF8C2B24AE1600790708 /* Build configuration list for PBXNativeTarget "SongHelperTests" */ = {
			isa = XCConfigurationList;
			buildConfigurations = (
				170EFF8D2B24AE1600790708 /* Debug */,
				170EFF8E2B24AE1600790708 /* Release */,
			);
			defaultConfigurationIsVisible = 0;
			defaultConfigurationName = Release;
		};
		170EFF8F2B24AE1600790708 /* Build configuration list for PBXNativeTarget "SongHelperUITests" */ = {
			isa = XCConfigurationList;
			buildConfigurations = (
				170EFF902B24AE1600790708 /* Debug */,
				170EFF912B24AE1600790708 /* Release */,
			);
			defaultConfigurationIsVisible = 0;
			defaultConfigurationName = Release;
		};
/* End XCConfigurationList section */

/* Begin XCRemoteSwiftPackageReference section */
		170EFF922B24B7C300790708 /* XCRemoteSwiftPackageReference "AudioKit" */ = {
			isa = XCRemoteSwiftPackageReference;
			repositoryURL = "https://github.com/AudioKit/AudioKit.git";
			requirement = {
				kind = upToNextMajorVersion;
				minimumVersion = 5.6.2;
			};
		};
		17735C112B24C4AD00EA59E3 /* XCRemoteSwiftPackageReference "SoundpipeAudioKit" */ = {
			isa = XCRemoteSwiftPackageReference;
			repositoryURL = "https://github.com/AudioKit/SoundpipeAudioKit.git";
			requirement = {
				kind = upToNextMajorVersion;
				minimumVersion = 5.6.1;
			};
		};
/* End XCRemoteSwiftPackageReference section */

/* Begin XCSwiftPackageProductDependency section */
		170EFF932B24B7C300790708 /* AudioKit */ = {
			isa = XCSwiftPackageProductDependency;
			package = 170EFF922B24B7C300790708 /* XCRemoteSwiftPackageReference "AudioKit" */;
			productName = AudioKit;
		};
		17735C122B24C4AD00EA59E3 /* SoundpipeAudioKit */ = {
			isa = XCSwiftPackageProductDependency;
			package = 17735C112B24C4AD00EA59E3 /* XCRemoteSwiftPackageReference "SoundpipeAudioKit" */;
			productName = SoundpipeAudioKit;
		};
/* End XCSwiftPackageProductDependency section */
	};
	rootObject = 170EFF5D2B24AE1300790708 /* Project object */;
}
